// !$*UTF8*$!
{
	archiveVersion = 1;
	classes = {
	};
	objectVersion = 55;
	objects = {

/* Begin PBXBuildFile section */
		057743C655569FF84B38A76E /* Pods_Nano1.framework in Frameworks */ = {isa = PBXBuildFile; fileRef = 5BBDB8A24BD24F5520034033 /* Pods_Nano1.framework */; };
		F0313872281942FA00A084CA /* NewExerciseViewController.swift in Sources */ = {isa = PBXBuildFile; fileRef = F0313871281942FA00A084CA /* NewExerciseViewController.swift */; };
		F03138742819519600A084CA /* ExerciseModel.swift in Sources */ = {isa = PBXBuildFile; fileRef = F03138732819519600A084CA /* ExerciseModel.swift */; };
		F03138762819559D00A084CA /* ExerciseTableViewCell.swift in Sources */ = {isa = PBXBuildFile; fileRef = F03138752819559D00A084CA /* ExerciseTableViewCell.swift */; };
		F05CFC90281934FD00C59116 /* ExerciseViewController.swift in Sources */ = {isa = PBXBuildFile; fileRef = F05CFC8F281934FD00C59116 /* ExerciseViewController.swift */; };
		F071FE2428191E330054DD72 /* AppDelegate.swift in Sources */ = {isa = PBXBuildFile; fileRef = F071FE2328191E330054DD72 /* AppDelegate.swift */; };
		F071FE2628191E330054DD72 /* SceneDelegate.swift in Sources */ = {isa = PBXBuildFile; fileRef = F071FE2528191E330054DD72 /* SceneDelegate.swift */; };
		F071FE2828191E330054DD72 /* ViewController.swift in Sources */ = {isa = PBXBuildFile; fileRef = F071FE2728191E330054DD72 /* ViewController.swift */; };
		F071FE2B28191E330054DD72 /* Main.storyboard in Resources */ = {isa = PBXBuildFile; fileRef = F071FE2928191E330054DD72 /* Main.storyboard */; };
		F071FE2E28191E330054DD72 /* Nano1.xcdatamodeld in Sources */ = {isa = PBXBuildFile; fileRef = F071FE2C28191E330054DD72 /* Nano1.xcdatamodeld */; };
		F071FE3028191E340054DD72 /* Assets.xcassets in Resources */ = {isa = PBXBuildFile; fileRef = F071FE2F28191E340054DD72 /* Assets.xcassets */; };
		F071FE3328191E340054DD72 /* LaunchScreen.storyboard in Resources */ = {isa = PBXBuildFile; fileRef = F071FE3128191E340054DD72 /* LaunchScreen.storyboard */; };
/* End PBXBuildFile section */

/* Begin PBXFileReference section */
		2784D6E6E7D68AF69574281A /* Pods-Nano1.release.xcconfig */ = {isa = PBXFileReference; includeInIndex = 1; lastKnownFileType = text.xcconfig; name = "Pods-Nano1.release.xcconfig"; path = "Target Support Files/Pods-Nano1/Pods-Nano1.release.xcconfig"; sourceTree = "<group>"; };
		5BBDB8A24BD24F5520034033 /* Pods_Nano1.framework */ = {isa = PBXFileReference; explicitFileType = wrapper.framework; includeInIndex = 0; path = Pods_Nano1.framework; sourceTree = BUILT_PRODUCTS_DIR; };
		DB962C3E56D5607B24ECB4D4 /* Pods-Nano1.debug.xcconfig */ = {isa = PBXFileReference; includeInIndex = 1; lastKnownFileType = text.xcconfig; name = "Pods-Nano1.debug.xcconfig"; path = "Target Support Files/Pods-Nano1/Pods-Nano1.debug.xcconfig"; sourceTree = "<group>"; };
		F0313871281942FA00A084CA /* NewExerciseViewController.swift */ = {isa = PBXFileReference; lastKnownFileType = sourcecode.swift; path = NewExerciseViewController.swift; sourceTree = "<group>"; };
		F03138732819519600A084CA /* ExerciseModel.swift */ = {isa = PBXFileReference; lastKnownFileType = sourcecode.swift; name = ExerciseModel.swift; path = ../../ExerciseModel.swift; sourceTree = "<group>"; };
		F03138752819559D00A084CA /* ExerciseTableViewCell.swift */ = {isa = PBXFileReference; lastKnownFileType = sourcecode.swift; path = ExerciseTableViewCell.swift; sourceTree = "<group>"; };
		F05CFC8F281934FD00C59116 /* ExerciseViewController.swift */ = {isa = PBXFileReference; lastKnownFileType = sourcecode.swift; path = ExerciseViewController.swift; sourceTree = "<group>"; };
		F071FE2028191E330054DD72 /* Nano1.app */ = {isa = PBXFileReference; explicitFileType = wrapper.application; includeInIndex = 0; path = Nano1.app; sourceTree = BUILT_PRODUCTS_DIR; };
		F071FE2328191E330054DD72 /* AppDelegate.swift */ = {isa = PBXFileReference; lastKnownFileType = sourcecode.swift; path = AppDelegate.swift; sourceTree = "<group>"; };
		F071FE2528191E330054DD72 /* SceneDelegate.swift */ = {isa = PBXFileReference; lastKnownFileType = sourcecode.swift; path = SceneDelegate.swift; sourceTree = "<group>"; };
		F071FE2728191E330054DD72 /* ViewController.swift */ = {isa = PBXFileReference; lastKnownFileType = sourcecode.swift; path = ViewController.swift; sourceTree = "<group>"; };
		F071FE2A28191E330054DD72 /* Base */ = {isa = PBXFileReference; lastKnownFileType = file.storyboard; name = Base; path = Base.lproj/Main.storyboard; sourceTree = "<group>"; };
		F071FE2D28191E330054DD72 /* Nano1.xcdatamodel */ = {isa = PBXFileReference; lastKnownFileType = wrapper.xcdatamodel; path = Nano1.xcdatamodel; sourceTree = "<group>"; };
		F071FE2F28191E340054DD72 /* Assets.xcassets */ = {isa = PBXFileReference; lastKnownFileType = folder.assetcatalog; path = Assets.xcassets; sourceTree = "<group>"; };
		F071FE3228191E340054DD72 /* Base */ = {isa = PBXFileReference; lastKnownFileType = file.storyboard; name = Base; path = Base.lproj/LaunchScreen.storyboard; sourceTree = "<group>"; };
		F071FE3428191E340054DD72 /* Info.plist */ = {isa = PBXFileReference; lastKnownFileType = text.plist.xml; path = Info.plist; sourceTree = "<group>"; };
/* End PBXFileReference section */

/* Begin PBXFrameworksBuildPhase section */
		F071FE1D28191E330054DD72 /* Frameworks */ = {
			isa = PBXFrameworksBuildPhase;
			buildActionMask = 2147483647;
			files = (
				057743C655569FF84B38A76E /* Pods_Nano1.framework in Frameworks */,
			);
			runOnlyForDeploymentPostprocessing = 0;
		};
/* End PBXFrameworksBuildPhase section */

/* Begin PBXGroup section */
		2A383D355AC73A11B7C61491 /* Pods */ = {
			isa = PBXGroup;
			children = (
				DB962C3E56D5607B24ECB4D4 /* Pods-Nano1.debug.xcconfig */,
				2784D6E6E7D68AF69574281A /* Pods-Nano1.release.xcconfig */,
			);
			path = Pods;
			sourceTree = "<group>";
		};
		357CA78C7985E5CF0D8F6B52 /* Frameworks */ = {
			isa = PBXGroup;
			children = (
				5BBDB8A24BD24F5520034033 /* Pods_Nano1.framework */,
			);
			name = Frameworks;
			sourceTree = "<group>";
		};
		F071FE1728191E330054DD72 = {
			isa = PBXGroup;
			children = (
				F071FE2228191E330054DD72 /* Nano1 */,
				F071FE2128191E330054DD72 /* Products */,
				2A383D355AC73A11B7C61491 /* Pods */,
				357CA78C7985E5CF0D8F6B52 /* Frameworks */,
			);
			sourceTree = "<group>";
		};
		F071FE2128191E330054DD72 /* Products */ = {
			isa = PBXGroup;
			children = (
				F071FE2028191E330054DD72 /* Nano1.app */,
			);
			name = Products;
			sourceTree = "<group>";
		};
		F071FE2228191E330054DD72 /* Nano1 */ = {
			isa = PBXGroup;
			children = (
				F071FE2328191E330054DD72 /* AppDelegate.swift */,
				F071FE2528191E330054DD72 /* SceneDelegate.swift */,
				F03138732819519600A084CA /* ExerciseModel.swift */,
				F071FE2728191E330054DD72 /* ViewController.swift */,
				F05CFC8F281934FD00C59116 /* ExerciseViewController.swift */,
				F03138752819559D00A084CA /* ExerciseTableViewCell.swift */,
				F0313871281942FA00A084CA /* NewExerciseViewController.swift */,
				F071FE2928191E330054DD72 /* Main.storyboard */,
				F071FE2F28191E340054DD72 /* Assets.xcassets */,
				F071FE3128191E340054DD72 /* LaunchScreen.storyboard */,
				F071FE3428191E340054DD72 /* Info.plist */,
				F071FE2C28191E330054DD72 /* Nano1.xcdatamodeld */,
			);
			path = Nano1;
			sourceTree = "<group>";
		};
/* End PBXGroup section */

/* Begin PBXNativeTarget section */
		F071FE1F28191E330054DD72 /* Nano1 */ = {
			isa = PBXNativeTarget;
			buildConfigurationList = F071FE3728191E340054DD72 /* Build configuration list for PBXNativeTarget "Nano1" */;
			buildPhases = (
				C4F00D72E4B7DCDD0A8DA1AA /* [CP] Check Pods Manifest.lock */,
				F071FE1C28191E330054DD72 /* Sources */,
				F071FE1D28191E330054DD72 /* Frameworks */,
				F071FE1E28191E330054DD72 /* Resources */,
				2938732AAA113939915CACC5 /* [CP] Embed Pods Frameworks */,
			);
			buildRules = (
			);
			dependencies = (
			);
			name = Nano1;
			productName = Nano1;
			productReference = F071FE2028191E330054DD72 /* Nano1.app */;
			productType = "com.apple.product-type.application";
		};
/* End PBXNativeTarget section */

/* Begin PBXProject section */
		F071FE1828191E330054DD72 /* Project object */ = {
			isa = PBXProject;
			attributes = {
				BuildIndependentTargetsInParallel = 1;
				LastSwiftUpdateCheck = 1330;
				LastUpgradeCheck = 1330;
				TargetAttributes = {
					F071FE1F28191E330054DD72 = {
						CreatedOnToolsVersion = 13.3.1;
					};
				};
			};
			buildConfigurationList = F071FE1B28191E330054DD72 /* Build configuration list for PBXProject "Nano1" */;
			compatibilityVersion = "Xcode 13.0";
			developmentRegion = en;
			hasScannedForEncodings = 0;
			knownRegions = (
				en,
				Base,
			);
			mainGroup = F071FE1728191E330054DD72;
			productRefGroup = F071FE2128191E330054DD72 /* Products */;
			projectDirPath = "";
			projectRoot = "";
			targets = (
				F071FE1F28191E330054DD72 /* Nano1 */,
			);
		};
/* End PBXProject section */

/* Begin PBXResourcesBuildPhase section */
		F071FE1E28191E330054DD72 /* Resources */ = {
			isa = PBXResourcesBuildPhase;
			buildActionMask = 2147483647;
			files = (
				F071FE3328191E340054DD72 /* LaunchScreen.storyboard in Resources */,
				F071FE3028191E340054DD72 /* Assets.xcassets in Resources */,
				F071FE2B28191E330054DD72 /* Main.storyboard in Resources */,
			);
			runOnlyForDeploymentPostprocessing = 0;
		};
/* End PBXResourcesBuildPhase section */

/* Begin PBXShellScriptBuildPhase section */
		2938732AAA113939915CACC5 /* [CP] Embed Pods Frameworks */ = {
			isa = PBXShellScriptBuildPhase;
			buildActionMask = 2147483647;
			files = (
			);
			inputFileListPaths = (
				"${PODS_ROOT}/Target Support Files/Pods-Nano1/Pods-Nano1-frameworks-${CONFIGURATION}-input-files.xcfilelist",
			);
			name = "[CP] Embed Pods Frameworks";
			outputFileListPaths = (
				"${PODS_ROOT}/Target Support Files/Pods-Nano1/Pods-Nano1-frameworks-${CONFIGURATION}-output-files.xcfilelist",
			);
			runOnlyForDeploymentPostprocessing = 0;
			shellPath = /bin/sh;
			shellScript = "\"${PODS_ROOT}/Target Support Files/Pods-Nano1/Pods-Nano1-frameworks.sh\"\n";
			showEnvVarsInLog = 0;
		};
		C4F00D72E4B7DCDD0A8DA1AA /* [CP] Check Pods Manifest.lock */ = {
			isa = PBXShellScriptBuildPhase;
			buildActionMask = 2147483647;
			files = (
			);
			inputFileListPaths = (
			);
			inputPaths = (
				"${PODS_PODFILE_DIR_PATH}/Podfile.lock",
				"${PODS_ROOT}/Manifest.lock",
			);
			name = "[CP] Check Pods Manifest.lock";
			outputFileListPaths = (
			);
			outputPaths = (
				"$(DERIVED_FILE_DIR)/Pods-Nano1-checkManifestLockResult.txt",
			);
			runOnlyForDeploymentPostprocessing = 0;
			shellPath = /bin/sh;
			shellScript = "diff \"${PODS_PODFILE_DIR_PATH}/Podfile.lock\" \"${PODS_ROOT}/Manifest.lock\" > /dev/null\nif [ $? != 0 ] ; then\n    # print error to STDERR\n    echo \"error: The sandbox is not in sync with the Podfile.lock. Run 'pod install' or update your CocoaPods installation.\" >&2\n    exit 1\nfi\n# This output is used by Xcode 'outputs' to avoid re-running this script phase.\necho \"SUCCESS\" > \"${SCRIPT_OUTPUT_FILE_0}\"\n";
			showEnvVarsInLog = 0;
		};
/* End PBXShellScriptBuildPhase section */

/* Begin PBXSourcesBuildPhase section */
		F071FE1C28191E330054DD72 /* Sources */ = {
			isa = PBXSourcesBuildPhase;
			buildActionMask = 2147483647;
			files = (
				F071FE2828191E330054DD72 /* ViewController.swift in Sources */,
				F03138762819559D00A084CA /* ExerciseTableViewCell.swift in Sources */,
				F05CFC90281934FD00C59116 /* ExerciseViewController.swift in Sources */,
				F071FE2428191E330054DD72 /* AppDelegate.swift in Sources */,
				F071FE2628191E330054DD72 /* SceneDelegate.swift in Sources */,
				F03138742819519600A084CA /* ExerciseModel.swift in Sources */,
				F071FE2E28191E330054DD72 /* Nano1.xcdatamodeld in Sources */,
				F0313872281942FA00A084CA /* NewExerciseViewController.swift in Sources */,
			);
			runOnlyForDeploymentPostprocessing = 0;
		};
/* End PBXSourcesBuildPhase section */

/* Begin PBXVariantGroup section */
		F071FE2928191E330054DD72 /* Main.storyboard */ = {
			isa = PBXVariantGroup;
			children = (
				F071FE2A28191E330054DD72 /* Base */,
			);
			name = Main.storyboard;
			sourceTree = "<group>";
		};
		F071FE3128191E340054DD72 /* LaunchScreen.storyboard */ = {
			isa = PBXVariantGroup;
			children = (
				F071FE3228191E340054DD72 /* Base */,
			);
			name = LaunchScreen.storyboard;
			sourceTree = "<group>";
		};
/* End PBXVariantGroup section */

/* Begin XCBuildConfiguration section */
		F071FE3528191E340054DD72 /* Debug */ = {
			isa = XCBuildConfiguration;
			buildSettings = {
				ALWAYS_SEARCH_USER_PATHS = NO;
				CLANG_ANALYZER_NONNULL = YES;
				CLANG_ANALYZER_NUMBER_OBJECT_CONVERSION = YES_AGGRESSIVE;
				CLANG_CXX_LANGUAGE_STANDARD = "gnu++17";
				CLANG_ENABLE_MODULES = YES;
				CLANG_ENABLE_OBJC_ARC = YES;
				CLANG_ENABLE_OBJC_WEAK = YES;
				CLANG_WARN_BLOCK_CAPTURE_AUTORELEASING = YES;
				CLANG_WARN_BOOL_CONVERSION = YES;
				CLANG_WARN_COMMA = YES;
				CLANG_WARN_CONSTANT_CONVERSION = YES;
				CLANG_WARN_DEPRECATED_OBJC_IMPLEMENTATIONS = YES;
				CLANG_WARN_DIRECT_OBJC_ISA_USAGE = YES_ERROR;
				CLANG_WARN_DOCUMENTATION_COMMENTS = YES;
				CLANG_WARN_EMPTY_BODY = YES;
				CLANG_WARN_ENUM_CONVERSION = YES;
				CLANG_WARN_INFINITE_RECURSION = YES;
				CLANG_WARN_INT_CONVERSION = YES;
				CLANG_WARN_NON_LITERAL_NULL_CONVERSION = YES;
				CLANG_WARN_OBJC_IMPLICIT_RETAIN_SELF = YES;
				CLANG_WARN_OBJC_LITERAL_CONVERSION = YES;
				CLANG_WARN_OBJC_ROOT_CLASS = YES_ERROR;
				CLANG_WARN_QUOTED_INCLUDE_IN_FRAMEWORK_HEADER = YES;
				CLANG_WARN_RANGE_LOOP_ANALYSIS = YES;
				CLANG_WARN_STRICT_PROTOTYPES = YES;
				CLANG_WARN_SUSPICIOUS_MOVE = YES;
				CLANG_WARN_UNGUARDED_AVAILABILITY = YES_AGGRESSIVE;
				CLANG_WARN_UNREACHABLE_CODE = YES;
				CLANG_WARN__DUPLICATE_METHOD_MATCH = YES;
				COPY_PHASE_STRIP = NO;
				DEBUG_INFORMATION_FORMAT = dwarf;
				ENABLE_STRICT_OBJC_MSGSEND = YES;
				ENABLE_TESTABILITY = YES;
				GCC_C_LANGUAGE_STANDARD = gnu11;
				GCC_DYNAMIC_NO_PIC = NO;
				GCC_NO_COMMON_BLOCKS = YES;
				GCC_OPTIMIZATION_LEVEL = 0;
				GCC_PREPROCESSOR_DEFINITIONS = (
					"DEBUG=1",
					"$(inherited)",
				);
				GCC_WARN_64_TO_32_BIT_CONVERSION = YES;
				GCC_WARN_ABOUT_RETURN_TYPE = YES_ERROR;
				GCC_WARN_UNDECLARED_SELECTOR = YES;
				GCC_WARN_UNINITIALIZED_AUTOS = YES_AGGRESSIVE;
				GCC_WARN_UNUSED_FUNCTION = YES;
				GCC_WARN_UNUSED_VARIABLE = YES;
				IPHONEOS_DEPLOYMENT_TARGET = 15.4;
				MTL_ENABLE_DEBUG_INFO = INCLUDE_SOURCE;
				MTL_FAST_MATH = YES;
				ONLY_ACTIVE_ARCH = YES;
				SDKROOT = iphoneos;
				SWIFT_ACTIVE_COMPILATION_CONDITIONS = DEBUG;
				SWIFT_OPTIMIZATION_LEVEL = "-Onone";
			};
			name = Debug;
		};
		F071FE3628191E340054DD72 /* Release */ = {
			isa = XCBuildConfiguration;
			buildSettings = {
				ALWAYS_SEARCH_USER_PATHS = NO;
				CLANG_ANALYZER_NONNULL = YES;
				CLANG_ANALYZER_NUMBER_OBJECT_CONVERSION = YES_AGGRESSIVE;
				CLANG_CXX_LANGUAGE_STANDARD = "gnu++17";
				CLANG_ENABLE_MODULES = YES;
				CLANG_ENABLE_OBJC_ARC = YES;
				CLANG_ENABLE_OBJC_WEAK = YES;
				CLANG_WARN_BLOCK_CAPTURE_AUTORELEASING = YES;
				CLANG_WARN_BOOL_CONVERSION = YES;
				CLANG_WARN_COMMA = YES;
				CLANG_WARN_CONSTANT_CONVERSION = YES;
				CLANG_WARN_DEPRECATED_OBJC_IMPLEMENTATIONS = YES;
				CLANG_WARN_DIRECT_OBJC_ISA_USAGE = YES_ERROR;
				CLANG_WARN_DOCUMENTATION_COMMENTS = YES;
				CLANG_WARN_EMPTY_BODY = YES;
				CLANG_WARN_ENUM_CONVERSION = YES;
				CLANG_WARN_INFINITE_RECURSION = YES;
				CLANG_WARN_INT_CONVERSION = YES;
				CLANG_WARN_NON_LITERAL_NULL_CONVERSION = YES;
				CLANG_WARN_OBJC_IMPLICIT_RETAIN_SELF = YES;
				CLANG_WARN_OBJC_LITERAL_CONVERSION = YES;
				CLANG_WARN_OBJC_ROOT_CLASS = YES_ERROR;
				CLANG_WARN_QUOTED_INCLUDE_IN_FRAMEWORK_HEADER = YES;
				CLANG_WARN_RANGE_LOOP_ANALYSIS = YES;
				CLANG_WARN_STRICT_PROTOTYPES = YES;
				CLANG_WARN_SUSPICIOUS_MOVE = YES;
				CLANG_WARN_UNGUARDED_AVAILABILITY = YES_AGGRESSIVE;
				CLANG_WARN_UNREACHABLE_CODE = YES;
				CLANG_WARN__DUPLICATE_METHOD_MATCH = YES;
				COPY_PHASE_STRIP = NO;
				DEBUG_INFORMATION_FORMAT = "dwarf-with-dsym";
				ENABLE_NS_ASSERTIONS = NO;
				ENABLE_STRICT_OBJC_MSGSEND = YES;
				GCC_C_LANGUAGE_STANDARD = gnu11;
				GCC_NO_COMMON_BLOCKS = YES;
				GCC_WARN_64_TO_32_BIT_CONVERSION = YES;
				GCC_WARN_ABOUT_RETURN_TYPE = YES_ERROR;
				GCC_WARN_UNDECLARED_SELECTOR = YES;
				GCC_WARN_UNINITIALIZED_AUTOS = YES_AGGRESSIVE;
				GCC_WARN_UNUSED_FUNCTION = YES;
				GCC_WARN_UNUSED_VARIABLE = YES;
				IPHONEOS_DEPLOYMENT_TARGET = 15.4;
				MTL_ENABLE_DEBUG_INFO = NO;
				MTL_FAST_MATH = YES;
				SDKROOT = iphoneos;
				SWIFT_COMPILATION_MODE = wholemodule;
				SWIFT_OPTIMIZATION_LEVEL = "-O";
				VALIDATE_PRODUCT = YES;
			};
			name = Release;
		};
		F071FE3828191E340054DD72 /* Debug */ = {
			isa = XCBuildConfiguration;
			baseConfigurationReference = DB962C3E56D5607B24ECB4D4 /* Pods-Nano1.debug.xcconfig */;
			buildSettings = {
				ASSETCATALOG_COMPILER_APPICON_NAME = AppIcon;
				ASSETCATALOG_COMPILER_GLOBAL_ACCENT_COLOR_NAME = AccentColor;
				CODE_SIGN_STYLE = Automatic;
				CURRENT_PROJECT_VERSION = 1;
				DEVELOPMENT_TEAM = 784J694B86;
				GENERATE_INFOPLIST_FILE = YES;
				INFOPLIST_FILE = Nano1/Info.plist;
				INFOPLIST_KEY_UIApplicationSupportsIndirectInputEvents = YES;
				INFOPLIST_KEY_UILaunchStoryboardName = LaunchScreen;
				INFOPLIST_KEY_UIMainStoryboardFile = Main;
				INFOPLIST_KEY_UISupportedInterfaceOrientations_iPad = "UIInterfaceOrientationPortrait UIInterfaceOrientationPortraitUpsideDown UIInterfaceOrientationLandscapeLeft UIInterfaceOrientationLandscapeRight";
				INFOPLIST_KEY_UISupportedInterfaceOrientations_iPhone = "UIInterfaceOrientationPortrait UIInterfaceOrientationLandscapeLeft UIInterfaceOrientationLandscapeRight";
				LD_RUNPATH_SEARCH_PATHS = (
					"$(inherited)",
					"@executable_path/Frameworks",
				);
				MARKETING_VERSION = 1.0;
				PRODUCT_BUNDLE_IDENTIFIER = com.davin.Nano1;
				PRODUCT_NAME = "$(TARGET_NAME)";
				SWIFT_EMIT_LOC_STRINGS = YES;
				SWIFT_VERSION = 5.0;
				TARGETED_DEVICE_FAMILY = "1,2";
			};
			name = Debug;
		};
		F071FE3928191E340054DD72 /* Release */ = {
			isa = XCBuildConfiguration;
			baseConfigurationReference = 2784D6E6E7D68AF69574281A /* Pods-Nano1.release.xcconfig */;
			buildSettings = {
				ASSETCATALOG_COMPILER_APPICON_NAME = AppIcon;
				ASSETCATALOG_COMPILER_GLOBAL_ACCENT_COLOR_NAME = AccentColor;
				CODE_SIGN_STYLE = Automatic;
				CURRENT_PROJECT_VERSION = 1;
				DEVELOPMENT_TEAM = 784J694B86;
				GENERATE_INFOPLIST_FILE = YES;
				INFOPLIST_FILE = Nano1/Info.plist;
				INFOPLIST_KEY_UIApplicationSupportsIndirectInputEvents = YES;
				INFOPLIST_KEY_UILaunchStoryboardName = LaunchScreen;
				INFOPLIST_KEY_UIMainStoryboardFile = Main;
				INFOPLIST_KEY_UISupportedInterfaceOrientations_iPad = "UIInterfaceOrientationPortrait UIInterfaceOrientationPortraitUpsideDown UIInterfaceOrientationLandscapeLeft UIInterfaceOrientationLandscapeRight";
				INFOPLIST_KEY_UISupportedInterfaceOrientations_iPhone = "UIInterfaceOrientationPortrait UIInterfaceOrientationLandscapeLeft UIInterfaceOrientationLandscapeRight";
				LD_RUNPATH_SEARCH_PATHS = (
					"$(inherited)",
					"@executable_path/Frameworks",
				);
				MARKETING_VERSION = 1.0;
				PRODUCT_BUNDLE_IDENTIFIER = com.davin.Nano1;
				PRODUCT_NAME = "$(TARGET_NAME)";
				SWIFT_EMIT_LOC_STRINGS = YES;
				SWIFT_VERSION = 5.0;
				TARGETED_DEVICE_FAMILY = "1,2";
			};
			name = Release;
		};
/* End XCBuildConfiguration section */

/* Begin XCConfigurationList section */
		F071FE1B28191E330054DD72 /* Build configuration list for PBXProject "Nano1" */ = {
			isa = XCConfigurationList;
			buildConfigurations = (
				F071FE3528191E340054DD72 /* Debug */,
				F071FE3628191E340054DD72 /* Release */,
			);
			defaultConfigurationIsVisible = 0;
			defaultConfigurationName = Release;
		};
		F071FE3728191E340054DD72 /* Build configuration list for PBXNativeTarget "Nano1" */ = {
			isa = XCConfigurationList;
			buildConfigurations = (
				F071FE3828191E340054DD72 /* Debug */,
				F071FE3928191E340054DD72 /* Release */,
			);
			defaultConfigurationIsVisible = 0;
			defaultConfigurationName = Release;
		};
/* End XCConfigurationList section */

/* Begin XCVersionGroup section */
		F071FE2C28191E330054DD72 /* Nano1.xcdatamodeld */ = {
			isa = XCVersionGroup;
			children = (
				F071FE2D28191E330054DD72 /* Nano1.xcdatamodel */,
			);
			currentVersion = F071FE2D28191E330054DD72 /* Nano1.xcdatamodel */;
			path = Nano1.xcdatamodeld;
			sourceTree = "<group>";
			versionGroupType = wrapper.xcdatamodel;
		};
/* End XCVersionGroup section */
	};
	rootObject = F071FE1828191E330054DD72 /* Project object */;
}
